
Microsoft Visual Studio Solution File, Format Version 12.00
# Visual Studio 15
VisualStudioVersion = 15.0.27428.2015
MinimumVisualStudioVersion = 10.0.40219.1
Project("{FAE04EC0-301F-11D3-BF4B-00C04F79EFBC}") = "FinancialChatNet", "FinancialChatNet\FinancialChatNet.csproj", "{BB053D72-6AC3-4784-A90A-0A7A85730570}"
EndProject
Project("{FAE04EC0-301F-11D3-BF4B-00C04F79EFBC}") = "FinancialChatNet.Tests", "FinancialChatNet.Tests\FinancialChatNet.Tests.csproj", "{615F7C91-9CF5-495F-9D79-466FF7C7273A}"
EndProject
Project("{9A19103F-16F7-4668-BE54-9A1E7A4F7556}") = "Data", "Data\Data.csproj", "{EF0C46DF-8648-4D24-9456-E78A81C2F393}"
EndProject
Project("{9A19103F-16F7-4668-BE54-9A1E7A4F7556}") = "Transversal", "Transversal\Transversal.csproj", "{CCAD03D2-4FBE-47FB-A8A5-0A46EACADE9A}"
EndProject
Project("{FAE04EC0-301F-11D3-BF4B-00C04F79EFBC}") = "Transversal.Tests", "Transversal.Tests\Transversal.Tests.csproj", "{298C6AAD-6355-48FF-868A-3188695E6DEC}"
EndProject
Global
	GlobalSection(SolutionConfigurationPlatforms) = preSolution
		Debug|Any CPU = Debug|Any CPU
		Release|Any CPU = Release|Any CPU
	EndGlobalSection
	GlobalSection(ProjectConfigurationPlatforms) = postSolution
		{BB053D72-6AC3-4784-A90A-0A7A85730570}.Debug|Any CPU.ActiveCfg = Debug|Any CPU
		{BB053D72-6AC3-4784-A90A-0A7A85730570}.Debug|Any CPU.Build.0 = Debug|Any CPU
		{BB053D72-6AC3-4784-A90A-0A7A85730570}.Release|Any CPU.ActiveCfg = Release|Any CPU
		{BB053D72-6AC3-4784-A90A-0A7A85730570}.Release|Any CPU.Build.0 = Release|Any CPU
		{615F7C91-9CF5-495F-9D79-466FF7C7273A}.Debug|Any CPU.ActiveCfg = Debug|Any CPU
		{615F7C91-9CF5-495F-9D79-466FF7C7273A}.Debug|Any CPU.Build.0 = Debug|Any CPU
		{615F7C91-9CF5-495F-9D79-466FF7C7273A}.Release|Any CPU.ActiveCfg = Release|Any CPU
		{615F7C91-9CF5-495F-9D79-466FF7C7273A}.Release|Any CPU.Build.0 = Release|Any CPU
		{EF0C46DF-8648-4D24-9456-E78A81C2F393}.Debug|Any CPU.ActiveCfg = Debug|Any CPU
		{EF0C46DF-8648-4D24-9456-E78A81C2F393}.Debug|Any CPU.Build.0 = Debug|Any CPU
		{EF0C46DF-8648-4D24-9456-E78A81C2F393}.Release|Any CPU.ActiveCfg = Release|Any CPU
		{EF0C46DF-8648-4D24-9456-E78A81C2F393}.Release|Any CPU.Build.0 = Release|Any CPU
		{CCAD03D2-4FBE-47FB-A8A5-0A46EACADE9A}.Debug|Any CPU.ActiveCfg = Debug|Any CPU
		{CCAD03D2-4FBE-47FB-A8A5-0A46EACADE9A}.Debug|Any CPU.Build.0 = Debug|Any CPU
		{CCAD03D2-4FBE-47FB-A8A5-0A46EACADE9A}.Release|Any CPU.ActiveCfg = Release|Any CPU
		{CCAD03D2-4FBE-47FB-A8A5-0A46EACADE9A}.Release|Any CPU.Build.0 = Release|Any CPU
		{298C6AAD-6355-48FF-868A-3188695E6DEC}.Debug|Any CPU.ActiveCfg = Debug|Any CPU
		{298C6AAD-6355-48FF-868A-3188695E6DEC}.Debug|Any CPU.Build.0 = Debug|Any CPU
		{298C6AAD-6355-48FF-868A-3188695E6DEC}.Release|Any CPU.ActiveCfg = Release|Any CPU
		{298C6AAD-6355-48FF-868A-3188695E6DEC}.Release|Any CPU.Build.0 = Release|Any CPU
	EndGlobalSection
	GlobalSection(SolutionProperties) = preSolution
		HideSolutionNode = FALSE
	EndGlobalSection
	GlobalSection(ExtensibilityGlobals) = postSolution
		SolutionGuid = {E0BDB678-3426-480C-80DE-88563E786A37}
	EndGlobalSection
EndGlobal
